
Microsoft Visual Studio Solution File, Format Version 12.00
# Visual Studio Version 17
VisualStudioVersion = 17.11.35327.3
MinimumVisualStudioVersion = 10.0.40219.1
Project("{FAE04EC0-301F-11D3-BF4B-00C04F79EFBC}") = "VETproject", "VETproject\VETproject.csproj", "{C7C8E0B1-A1FE-4FEF-9803-DC83DFE03D68}"
EndProject
Project("{FAE04EC0-301F-11D3-BF4B-00C04F79EFBC}") = "DATAproject", "DATAproject\DATAproject.csproj", "{09BF5683-8FB5-44E4-BFCB-D1155D9958B0}"
EndProject
Project("{FAE04EC0-301F-11D3-BF4B-00C04F79EFBC}") = "CONTROLLERproject", "CONTROLLERproject\CONTROLLERproject.csproj", "{3A6CA2AA-DDB0-4313-BEC6-486B069A5703}"
EndProject
Global
	GlobalSection(SolutionConfigurationPlatforms) = preSolution
		Debug|Any CPU = Debug|Any CPU
		Release|Any CPU = Release|Any CPU
	EndGlobalSection
	GlobalSection(ProjectConfigurationPlatforms) = postSolution
		{C7C8E0B1-A1FE-4FEF-9803-DC83DFE03D68}.Debug|Any CPU.ActiveCfg = Debug|Any CPU
		{C7C8E0B1-A1FE-4FEF-9803-DC83DFE03D68}.Debug|Any CPU.Build.0 = Debug|Any CPU
		{C7C8E0B1-A1FE-4FEF-9803-DC83DFE03D68}.Release|Any CPU.ActiveCfg = Release|Any CPU
		{C7C8E0B1-A1FE-4FEF-9803-DC83DFE03D68}.Release|Any CPU.Build.0 = Release|Any CPU
		{09BF5683-8FB5-44E4-BFCB-D1155D9958B0}.Debug|Any CPU.ActiveCfg = Debug|Any CPU
		{09BF5683-8FB5-44E4-BFCB-D1155D9958B0}.Debug|Any CPU.Build.0 = Debug|Any CPU
		{09BF5683-8FB5-44E4-BFCB-D1155D9958B0}.Release|Any CPU.ActiveCfg = Release|Any CPU
		{09BF5683-8FB5-44E4-BFCB-D1155D9958B0}.Release|Any CPU.Build.0 = Release|Any CPU
		{3A6CA2AA-DDB0-4313-BEC6-486B069A5703}.Debug|Any CPU.ActiveCfg = Debug|Any CPU
		{3A6CA2AA-DDB0-4313-BEC6-486B069A5703}.Debug|Any CPU.Build.0 = Debug|Any CPU
		{3A6CA2AA-DDB0-4313-BEC6-486B069A5703}.Release|Any CPU.ActiveCfg = Release|Any CPU
		{3A6CA2AA-DDB0-4313-BEC6-486B069A5703}.Release|Any CPU.Build.0 = Release|Any CPU
	EndGlobalSection
	GlobalSection(SolutionProperties) = preSolution
		HideSolutionNode = FALSE
	EndGlobalSection
	GlobalSection(ExtensibilityGlobals) = postSolution
		SolutionGuid = {8EE677D6-66B6-4348-8626-EE3A1414BB4F}
	EndGlobalSection
EndGlobal
